<?xml version="1.0" encoding="utf-8"?>
<Project ToolsVersion="4.0" xmlns="http://schemas.microsoft.com/developer/msbuild/2003">
  <ItemGroup>
    <Filter Include="Source Files">
      <UniqueIdentifier>{4FC737F1-C7A5-4376-A066-2A32D752A2FF}</UniqueIdentifier>
      <Extensions>cpp;c;cc;cxx;def;odl;idl;hpj;bat;asm;asmx</Extensions>
    </Filter>
    <Filter Include="Header Files">
      <UniqueIdentifier>{93995380-89BD-4b04-88EB-625FBE52EBFB}</UniqueIdentifier>
      <Extensions>h;hh;hpp;hxx;hm;inl;inc;xsd</Extensions>
    </Filter>
    <Filter Include="Resource Files">
      <UniqueIdentifier>{67DA6AB6-F800-4c08-8B7A-83BB121AAD01}</UniqueIdentifier>
      <Extensions>rc;ico;cur;bmp;dlg;rc2;rct;bin;rgs;gif;jpg;jpeg;jpe;resx;tiff;tif;png;wav</Extensions>
    </Filter>
  </ItemGroup>
  <ItemGroup>
    <ClCompile Include="AddMemFile.cpp">
      <Filter>Source Files</Filter>
    </ClCompile>
    <ClCompile Include="CloseMemFileSystem.cpp">
      <Filter>Source Files</Filter>
    </ClCompile>
    <ClCompile Include="CreateMemFileSource.cpp">
      <Filter>Source Files</Filter>
    </ClCompile>
    <ClCompile Include="EchoOnOff.cpp">
      <Filter>Source Files</Filter>
    </ClCompile>
    <ClCompile Include="FindNextReturn.cpp">
      <Filter>Source Files</Filter>
    </ClCompile>
    <ClCompile Include="FindTutDPRecord.cpp">
      <Filter>Source Files</Filter>
    </ClCompile>
    <ClCompile Include="FixGIDName.cpp">
      <Filter>Source Files</Filter>
    </ClCompile>
    <ClCompile Include="iFirstChar.cpp">
      <Filter>Source Files</Filter>
    </ClCompile>
    <ClCompile Include="initMemFileSystem.cpp">
      <Filter>Source Files</Filter>
    </ClCompile>
    <ClCompile Include="LoadMemDir.cpp">
      <Filter>Source Files</Filter>
    </ClCompile>
    <ClCompile Include="LoadMemFile.cpp">
      <Filter>Source Files</Filter>
    </ClCompile>
    <ClCompile Include="LoadMemFile2.cpp">
      <Filter>Source Files</Filter>
    </ClCompile>
    <ClCompile Include="ParseDPRecord.cpp">
      <Filter>Source Files</Filter>
    </ClCompile>
    <ClCompile Include="RedirectIOToConsole.cpp">
      <Filter>Source Files</Filter>
    </ClCompile>
    <ClCompile Include="strCopySubstringC.cpp">
      <Filter>Source Files</Filter>
    </ClCompile>
    <ClCompile Include="strFindLastNonOccuranceC.cpp">
      <Filter>Source Files</Filter>
    </ClCompile>
    <ClCompile Include="StripSingleQuotes.cpp">
      <Filter>Source Files</Filter>
    </ClCompile>
    <ClCompile Include="strReplaceAllOccurancesInStringC.cpp">
      <Filter>Source Files</Filter>
    </ClCompile>
    <ClCompile Include="tutClose.cpp">
      <Filter>Source Files</Filter>
    </ClCompile>
    <ClCompile Include="TutCloseFiles2.cpp">
      <Filter>Source Files</Filter>
    </ClCompile>
    <ClCompile Include="tutCompressAndIndexTutdb.cpp">
      <Filter>Source Files</Filter>
    </ClCompile>
    <ClCompile Include="tutConvertStringx2.cpp">
      <Filter>Source Files</Filter>
    </ClCompile>
    <ClCompile Include="tutDisplayPromptx2.cpp">
      <Filter>Source Files</Filter>
    </ClCompile>
    <ClCompile Include="tutDisplayTextPromptx2.cpp">
      <Filter>Source Files</Filter>
    </ClCompile>
    <ClCompile Include="tutDisplayWorker.cpp">
      <Filter>Source Files</Filter>
    </ClCompile>
    <ClCompile Include="tutDisplayWorkerL2.cpp">
      <Filter>Source Files</Filter>
    </ClCompile>
    <ClCompile Include="tutFetchDataTypex2.cpp">
      <Filter>Source Files</Filter>
    </ClCompile>
    <ClCompile Include="tutFetchDatax2.cpp">
      <Filter>Source Files</Filter>
    </ClCompile>
    <ClCompile Include="tutFetchNumItemsx2.cpp">
      <Filter>Source Files</Filter>
    </ClCompile>
    <ClCompile Include="tutFetchTextDatax2.cpp">
      <Filter>Source Files</Filter>
    </ClCompile>
    <ClCompile Include="tutFlushTypeaheadBuffer.cpp">
      <Filter>Source Files</Filter>
    </ClCompile>
    <ClCompile Include="tutGetNextLineFromBuffer.cpp">
      <Filter>Source Files</Filter>
    </ClCompile>
    <ClCompile Include="tutGetNextLineInput.cpp">
      <Filter>Source Files</Filter>
    </ClCompile>
    <ClCompile Include="tutIndexTutdb.cpp">
      <Filter>Source Files</Filter>
    </ClCompile>
    <ClCompile Include="tutio.cpp">
      <Filter>Source Files</Filter>
    </ClCompile>
    <ClCompile Include="tutIsTty.cpp">
      <Filter>Source Files</Filter>
    </ClCompile>
    <ClCompile Include="tutLoadTutMemDB.cpp">
      <Filter>Source Files</Filter>
    </ClCompile>
    <ClCompile Include="tutNumCharInInputBuffer.cpp">
      <Filter>Source Files</Filter>
    </ClCompile>
    <ClCompile Include="TutOpenFiles2.cpp">
      <Filter>Source Files</Filter>
    </ClCompile>
    <ClCompile Include="tutPrintString.cpp">
      <Filter>Source Files</Filter>
    </ClCompile>
    <ClCompile Include="tutProcessInput.cpp">
      <Filter>Source Files</Filter>
    </ClCompile>
    <ClCompile Include="tutPrompt.cpp">
      <Filter>Source Files</Filter>
    </ClCompile>
    <ClCompile Include="tutRecursiveInputIntx2.cpp">
      <Filter>Source Files</Filter>
    </ClCompile>
    <ClCompile Include="TutStoreRecData.cpp">
      <Filter>Source Files</Filter>
    </ClCompile>
    <ClCompile Include="tutSwitchToTTY.cpp">
      <Filter>Source Files</Filter>
    </ClCompile>
    <ClCompile Include="UnloadMemDir.cpp">
      <Filter>Source Files</Filter>
    </ClCompile>
  </ItemGroup>
  <ItemGroup>
    <ClInclude Include="MemSource.h">
      <Filter>Header Files</Filter>
    </ClInclude>
    <ClInclude Include="tuterrors.h">
      <Filter>Header Files</Filter>
    </ClInclude>
    <ClInclude Include="tutIndex.h">
      <Filter>Header Files</Filter>
    </ClInclude>
    <ClInclude Include="tutlib.h">
      <Filter>Header Files</Filter>
    </ClInclude>
    <ClInclude Include="tutlib01.h">
      <Filter>Header Files</Filter>
    </ClInclude>
    <ClInclude Include="tutlib03.h">
      <Filter>Header Files</Filter>
    </ClInclude>
    <ClInclude Include="tutSource.h">
      <Filter>Header Files</Filter>
    </ClInclude>
  </ItemGroup>
</Project>